
Microsoft Visual Studio Solution File, Format Version 12.00
# Visual Studio Version 17
VisualStudioVersion = 17.9.34622.214
MinimumVisualStudioVersion = 10.0.40219.1
Project("{8BC9CEB8-8B4A-11D0-8D11-00A0C91BC942}") = "HW_2", "HW_2.vcxproj", "{060371A3-AA27-46D9-AED4-CB31071A8A1D}"
EndProject
Global
	GlobalSection(SolutionConfigurationPlatforms) = preSolution
		Debug|x64 = Debug|x64
		Debug|x86 = Debug|x86
		Release|x64 = Release|x64
		Release|x86 = Release|x86
	EndGlobalSection
	GlobalSection(ProjectConfigurationPlatforms) = postSolution
		{060371A3-AA27-46D9-AED4-CB31071A8A1D}.Debug|x64.ActiveCfg = Debug|x64
		{060371A3-AA27-46D9-AED4-CB31071A8A1D}.Debug|x64.Build.0 = Debug|x64
		{060371A3-AA27-46D9-AED4-CB31071A8A1D}.Debug|x86.ActiveCfg = Debug|Win32
		{060371A3-AA27-46D9-AED4-CB31071A8A1D}.Debug|x86.Build.0 = Debug|Win32
		{060371A3-AA27-46D9-AED4-CB31071A8A1D}.Release|x64.ActiveCfg = Release|x64
		{060371A3-AA27-46D9-AED4-CB31071A8A1D}.Release|x64.Build.0 = Release|x64
		{060371A3-AA27-46D9-AED4-CB31071A8A1D}.Release|x86.ActiveCfg = Release|Win32
		{060371A3-AA27-46D9-AED4-CB31071A8A1D}.Release|x86.Build.0 = Release|Win32
	EndGlobalSection
	GlobalSection(SolutionProperties) = preSolution
		HideSolutionNode = FALSE
	EndGlobalSection
	GlobalSection(ExtensibilityGlobals) = postSolution
		SolutionGuid = {74D57A5C-4189-4CF2-8B9A-731536DF90B4}
	EndGlobalSection
EndGlobal
